
Microsoft Visual Studio Solution File, Format Version 12.00
# Visual Studio 15
Project("{FAE04EC0-301F-11D3-BF4B-00C04F79EFBC}") = "Notes.iOS", "Notes.iOS\Notes.iOS.csproj", "{77C4D2A7-63B2-41D8-B9E9-D7C0117D9582}"
EndProject
Project("{FAE04EC0-301F-11D3-BF4B-00C04F79EFBC}") = "Notes", "Notes\Notes.csproj", "{2836BB8C-0FE6-42F9-A8BB-22446F103180}"
EndProject
Global
	GlobalSection(SolutionConfigurationPlatforms) = preSolution
		Debug|iPhoneSimulator = Debug|iPhoneSimulator
		Release|iPhoneSimulator = Release|iPhoneSimulator
		Debug|iPhone = Debug|iPhone
		Release|iPhone = Release|iPhone
		Debug|Any CPU = Debug|Any CPU
		Release|Any CPU = Release|Any CPU
	EndGlobalSection
	GlobalSection(ProjectConfigurationPlatforms) = postSolution
		{77C4D2A7-63B2-41D8-B9E9-D7C0117D9582}.Debug|iPhoneSimulator.ActiveCfg = Debug|iPhoneSimulator
		{77C4D2A7-63B2-41D8-B9E9-D7C0117D9582}.Debug|iPhoneSimulator.Build.0 = Debug|iPhoneSimulator
		{77C4D2A7-63B2-41D8-B9E9-D7C0117D9582}.Release|iPhoneSimulator.ActiveCfg = Release|iPhoneSimulator
		{77C4D2A7-63B2-41D8-B9E9-D7C0117D9582}.Release|iPhoneSimulator.Build.0 = Release|iPhoneSimulator
		{77C4D2A7-63B2-41D8-B9E9-D7C0117D9582}.Debug|iPhone.ActiveCfg = Debug|iPhone
		{77C4D2A7-63B2-41D8-B9E9-D7C0117D9582}.Debug|iPhone.Build.0 = Debug|iPhone
		{77C4D2A7-63B2-41D8-B9E9-D7C0117D9582}.Release|iPhone.ActiveCfg = Release|iPhone
		{77C4D2A7-63B2-41D8-B9E9-D7C0117D9582}.Release|iPhone.Build.0 = Release|iPhone
		{77C4D2A7-63B2-41D8-B9E9-D7C0117D9582}.Debug|Any CPU.ActiveCfg = Debug|iPhoneSimulator
		{77C4D2A7-63B2-41D8-B9E9-D7C0117D9582}.Debug|Any CPU.Build.0 = Debug|iPhoneSimulator
		{77C4D2A7-63B2-41D8-B9E9-D7C0117D9582}.Release|Any CPU.ActiveCfg = Release|iPhoneSimulator
		{77C4D2A7-63B2-41D8-B9E9-D7C0117D9582}.Release|Any CPU.Build.0 = Release|iPhoneSimulator
		{2836BB8C-0FE6-42F9-A8BB-22446F103180}.Debug|iPhoneSimulator.ActiveCfg = Debug|Any CPU
		{2836BB8C-0FE6-42F9-A8BB-22446F103180}.Debug|iPhoneSimulator.Build.0 = Debug|Any CPU
		{2836BB8C-0FE6-42F9-A8BB-22446F103180}.Release|iPhoneSimulator.ActiveCfg = Release|Any CPU
		{2836BB8C-0FE6-42F9-A8BB-22446F103180}.Release|iPhoneSimulator.Build.0 = Release|Any CPU
		{2836BB8C-0FE6-42F9-A8BB-22446F103180}.Debug|iPhone.ActiveCfg = Debug|Any CPU
		{2836BB8C-0FE6-42F9-A8BB-22446F103180}.Debug|iPhone.Build.0 = Debug|Any CPU
		{2836BB8C-0FE6-42F9-A8BB-22446F103180}.Release|iPhone.ActiveCfg = Release|Any CPU
		{2836BB8C-0FE6-42F9-A8BB-22446F103180}.Release|iPhone.Build.0 = Release|Any CPU
		{2836BB8C-0FE6-42F9-A8BB-22446F103180}.Debug|Any CPU.ActiveCfg = Debug|Any CPU
		{2836BB8C-0FE6-42F9-A8BB-22446F103180}.Debug|Any CPU.Build.0 = Debug|Any CPU
		{2836BB8C-0FE6-42F9-A8BB-22446F103180}.Release|Any CPU.ActiveCfg = Release|Any CPU
		{2836BB8C-0FE6-42F9-A8BB-22446F103180}.Release|Any CPU.Build.0 = Release|Any CPU
	EndGlobalSection
EndGlobal
